
Microsoft Visual Studio Solution File, Format Version 12.00
# Visual Studio Version 16
VisualStudioVersion = 16.0.33529.622
MinimumVisualStudioVersion = 10.0.40219.1
Project("{FAE04EC0-301F-11D3-BF4B-00C04F79EFBC}") = "Leetcode1921_EMNM", "Leetcode1921_EMNM\Leetcode1921_EMNM.csproj", "{120A5F2B-D11E-4C79-ADC8-ADACE29E91EB}"
EndProject
Global
	GlobalSection(SolutionConfigurationPlatforms) = preSolution
		Debug|Any CPU = Debug|Any CPU
		Release|Any CPU = Release|Any CPU
	EndGlobalSection
	GlobalSection(ProjectConfigurationPlatforms) = postSolution
		{120A5F2B-D11E-4C79-ADC8-ADACE29E91EB}.Debug|Any CPU.ActiveCfg = Debug|Any CPU
		{120A5F2B-D11E-4C79-ADC8-ADACE29E91EB}.Debug|Any CPU.Build.0 = Debug|Any CPU
		{120A5F2B-D11E-4C79-ADC8-ADACE29E91EB}.Release|Any CPU.ActiveCfg = Release|Any CPU
		{120A5F2B-D11E-4C79-ADC8-ADACE29E91EB}.Release|Any CPU.Build.0 = Release|Any CPU
	EndGlobalSection
	GlobalSection(SolutionProperties) = preSolution
		HideSolutionNode = FALSE
	EndGlobalSection
	GlobalSection(ExtensibilityGlobals) = postSolution
		SolutionGuid = {90DF9CFF-CE13-49E9-A159-6D98AF48A9DD}
	EndGlobalSection
EndGlobal
