
Microsoft Visual Studio Solution File, Format Version 12.00
# Visual Studio Version 16
VisualStudioVersion = 16.0.33529.622
MinimumVisualStudioVersion = 10.0.40219.1
Project("{FAE04EC0-301F-11D3-BF4B-00C04F79EFBC}") = "Leetcode2785_SortVowel", "Leetcode2785_SortVowel\Leetcode2785_SortVowel.csproj", "{4872089D-0B13-4CB8-8F84-BDAF8311FDA7}"
EndProject
Global
	GlobalSection(SolutionConfigurationPlatforms) = preSolution
		Debug|Any CPU = Debug|Any CPU
		Release|Any CPU = Release|Any CPU
	EndGlobalSection
	GlobalSection(ProjectConfigurationPlatforms) = postSolution
		{4872089D-0B13-4CB8-8F84-BDAF8311FDA7}.Debug|Any CPU.ActiveCfg = Debug|Any CPU
		{4872089D-0B13-4CB8-8F84-BDAF8311FDA7}.Debug|Any CPU.Build.0 = Debug|Any CPU
		{4872089D-0B13-4CB8-8F84-BDAF8311FDA7}.Release|Any CPU.ActiveCfg = Release|Any CPU
		{4872089D-0B13-4CB8-8F84-BDAF8311FDA7}.Release|Any CPU.Build.0 = Release|Any CPU
	EndGlobalSection
	GlobalSection(SolutionProperties) = preSolution
		HideSolutionNode = FALSE
	EndGlobalSection
	GlobalSection(ExtensibilityGlobals) = postSolution
		SolutionGuid = {AC3866A3-2BE0-4318-957C-4DBE55B44636}
	EndGlobalSection
EndGlobal
