
Microsoft Visual Studio Solution File, Format Version 12.00
# Visual Studio Version 16
VisualStudioVersion = 16.0.33529.622
MinimumVisualStudioVersion = 10.0.40219.1
Project("{FAE04EC0-301F-11D3-BF4B-00C04F79EFBC}") = "Leetcode1877_MMPairSum", "Leetcode1877_MMPairSum\Leetcode1877_MMPairSum.csproj", "{1AEBE83C-A6AD-4258-B821-80E7972A37E9}"
EndProject
Global
	GlobalSection(SolutionConfigurationPlatforms) = preSolution
		Debug|Any CPU = Debug|Any CPU
		Release|Any CPU = Release|Any CPU
	EndGlobalSection
	GlobalSection(ProjectConfigurationPlatforms) = postSolution
		{1AEBE83C-A6AD-4258-B821-80E7972A37E9}.Debug|Any CPU.ActiveCfg = Debug|Any CPU
		{1AEBE83C-A6AD-4258-B821-80E7972A37E9}.Debug|Any CPU.Build.0 = Debug|Any CPU
		{1AEBE83C-A6AD-4258-B821-80E7972A37E9}.Release|Any CPU.ActiveCfg = Release|Any CPU
		{1AEBE83C-A6AD-4258-B821-80E7972A37E9}.Release|Any CPU.Build.0 = Release|Any CPU
	EndGlobalSection
	GlobalSection(SolutionProperties) = preSolution
		HideSolutionNode = FALSE
	EndGlobalSection
	GlobalSection(ExtensibilityGlobals) = postSolution
		SolutionGuid = {FCDB7507-4A17-4B55-818E-1CEADE342983}
	EndGlobalSection
EndGlobal
