
Microsoft Visual Studio Solution File, Format Version 12.00
# Visual Studio Version 16
VisualStudioVersion = 16.0.33529.622
MinimumVisualStudioVersion = 10.0.40219.1
Project("{FAE04EC0-301F-11D3-BF4B-00C04F79EFBC}") = "Leetcode2642_DesignGraph", "Leetcode2642_DesignGraph\Leetcode2642_DesignGraph.csproj", "{27C6EA9F-F364-47DA-9A0F-1C36B27E569D}"
EndProject
Global
	GlobalSection(SolutionConfigurationPlatforms) = preSolution
		Debug|Any CPU = Debug|Any CPU
		Release|Any CPU = Release|Any CPU
	EndGlobalSection
	GlobalSection(ProjectConfigurationPlatforms) = postSolution
		{27C6EA9F-F364-47DA-9A0F-1C36B27E569D}.Debug|Any CPU.ActiveCfg = Debug|Any CPU
		{27C6EA9F-F364-47DA-9A0F-1C36B27E569D}.Debug|Any CPU.Build.0 = Debug|Any CPU
		{27C6EA9F-F364-47DA-9A0F-1C36B27E569D}.Release|Any CPU.ActiveCfg = Release|Any CPU
		{27C6EA9F-F364-47DA-9A0F-1C36B27E569D}.Release|Any CPU.Build.0 = Release|Any CPU
	EndGlobalSection
	GlobalSection(SolutionProperties) = preSolution
		HideSolutionNode = FALSE
	EndGlobalSection
	GlobalSection(ExtensibilityGlobals) = postSolution
		SolutionGuid = {28361F2C-EA68-45FB-A064-A9E500E2486F}
	EndGlobalSection
EndGlobal
