
Microsoft Visual Studio Solution File, Format Version 12.00
# Visual Studio Version 16
VisualStudioVersion = 16.0.33529.622
MinimumVisualStudioVersion = 10.0.40219.1
Project("{FAE04EC0-301F-11D3-BF4B-00C04F79EFBC}") = "Leetcode3_LongestSubstring", "Leetcode3_LongestSubstring\Leetcode3_LongestSubstring.csproj", "{02320BA1-EF6E-45C9-924E-FCAE37FFC1B4}"
EndProject
Global
	GlobalSection(SolutionConfigurationPlatforms) = preSolution
		Debug|Any CPU = Debug|Any CPU
		Release|Any CPU = Release|Any CPU
	EndGlobalSection
	GlobalSection(ProjectConfigurationPlatforms) = postSolution
		{02320BA1-EF6E-45C9-924E-FCAE37FFC1B4}.Debug|Any CPU.ActiveCfg = Debug|Any CPU
		{02320BA1-EF6E-45C9-924E-FCAE37FFC1B4}.Debug|Any CPU.Build.0 = Debug|Any CPU
		{02320BA1-EF6E-45C9-924E-FCAE37FFC1B4}.Release|Any CPU.ActiveCfg = Release|Any CPU
		{02320BA1-EF6E-45C9-924E-FCAE37FFC1B4}.Release|Any CPU.Build.0 = Release|Any CPU
	EndGlobalSection
	GlobalSection(SolutionProperties) = preSolution
		HideSolutionNode = FALSE
	EndGlobalSection
	GlobalSection(ExtensibilityGlobals) = postSolution
		SolutionGuid = {FFDC91AE-9FDA-4752-A772-B706306F6741}
	EndGlobalSection
EndGlobal
