
Microsoft Visual Studio Solution File, Format Version 12.00
# Visual Studio Version 16
VisualStudioVersion = 16.0.33529.622
MinimumVisualStudioVersion = 10.0.40219.1
Project("{FAE04EC0-301F-11D3-BF4B-00C04F79EFBC}") = "Leetcode1845_SearReservationManager", "Leetcode1845_SearReservationManager\Leetcode1845_SearReservationManager.csproj", "{8FBC582E-5859-4553-AF8B-3097D9F85629}"
EndProject
Global
	GlobalSection(SolutionConfigurationPlatforms) = preSolution
		Debug|Any CPU = Debug|Any CPU
		Release|Any CPU = Release|Any CPU
	EndGlobalSection
	GlobalSection(ProjectConfigurationPlatforms) = postSolution
		{8FBC582E-5859-4553-AF8B-3097D9F85629}.Debug|Any CPU.ActiveCfg = Debug|Any CPU
		{8FBC582E-5859-4553-AF8B-3097D9F85629}.Debug|Any CPU.Build.0 = Debug|Any CPU
		{8FBC582E-5859-4553-AF8B-3097D9F85629}.Release|Any CPU.ActiveCfg = Release|Any CPU
		{8FBC582E-5859-4553-AF8B-3097D9F85629}.Release|Any CPU.Build.0 = Release|Any CPU
	EndGlobalSection
	GlobalSection(SolutionProperties) = preSolution
		HideSolutionNode = FALSE
	EndGlobalSection
	GlobalSection(ExtensibilityGlobals) = postSolution
		SolutionGuid = {6FD7A356-576D-464E-B57F-4EB3D2F43519}
	EndGlobalSection
EndGlobal
