
Microsoft Visual Studio Solution File, Format Version 12.00
# Visual Studio Version 16
VisualStudioVersion = 16.0.33529.622
MinimumVisualStudioVersion = 10.0.40219.1
Project("{FAE04EC0-301F-11D3-BF4B-00C04F79EFBC}") = "Leetcode1441_StackArray", "Leetcode1441_StackArray\Leetcode1441_StackArray.csproj", "{CE6C3B40-8304-465F-AA68-FBCA650D2631}"
EndProject
Global
	GlobalSection(SolutionConfigurationPlatforms) = preSolution
		Debug|Any CPU = Debug|Any CPU
		Release|Any CPU = Release|Any CPU
	EndGlobalSection
	GlobalSection(ProjectConfigurationPlatforms) = postSolution
		{CE6C3B40-8304-465F-AA68-FBCA650D2631}.Debug|Any CPU.ActiveCfg = Debug|Any CPU
		{CE6C3B40-8304-465F-AA68-FBCA650D2631}.Debug|Any CPU.Build.0 = Debug|Any CPU
		{CE6C3B40-8304-465F-AA68-FBCA650D2631}.Release|Any CPU.ActiveCfg = Release|Any CPU
		{CE6C3B40-8304-465F-AA68-FBCA650D2631}.Release|Any CPU.Build.0 = Release|Any CPU
	EndGlobalSection
	GlobalSection(SolutionProperties) = preSolution
		HideSolutionNode = FALSE
	EndGlobalSection
	GlobalSection(ExtensibilityGlobals) = postSolution
		SolutionGuid = {5C2EF6AA-1AAC-4379-8A2C-FEF896D7BB7B}
	EndGlobalSection
EndGlobal
