
Microsoft Visual Studio Solution File, Format Version 12.00
# Visual Studio Version 17
VisualStudioVersion = 17.4.33205.214
MinimumVisualStudioVersion = 10.0.40219.1
Project("{FAE04EC0-301F-11D3-BF4B-00C04F79EFBC}") = "Leetcode1980_FindUniqueBinary", "Leetcode1980_FindUniqueBinary\Leetcode1980_FindUniqueBinary.csproj", "{76A0085F-6543-4BB1-8BD9-09D37B2C3CCF}"
EndProject
Global
	GlobalSection(SolutionConfigurationPlatforms) = preSolution
		Debug|Any CPU = Debug|Any CPU
		Release|Any CPU = Release|Any CPU
	EndGlobalSection
	GlobalSection(ProjectConfigurationPlatforms) = postSolution
		{76A0085F-6543-4BB1-8BD9-09D37B2C3CCF}.Debug|Any CPU.ActiveCfg = Debug|Any CPU
		{76A0085F-6543-4BB1-8BD9-09D37B2C3CCF}.Debug|Any CPU.Build.0 = Debug|Any CPU
		{76A0085F-6543-4BB1-8BD9-09D37B2C3CCF}.Release|Any CPU.ActiveCfg = Release|Any CPU
		{76A0085F-6543-4BB1-8BD9-09D37B2C3CCF}.Release|Any CPU.Build.0 = Release|Any CPU
	EndGlobalSection
	GlobalSection(SolutionProperties) = preSolution
		HideSolutionNode = FALSE
	EndGlobalSection
	GlobalSection(ExtensibilityGlobals) = postSolution
		SolutionGuid = {0B974087-C6BF-4335-BC4D-3E863F563F04}
	EndGlobalSection
EndGlobal
