
Microsoft Visual Studio Solution File, Format Version 12.00
# Visual Studio Version 16
VisualStudioVersion = 16.0.33529.622
MinimumVisualStudioVersion = 10.0.40219.1
Project("{FAE04EC0-301F-11D3-BF4B-00C04F79EFBC}") = "Leetcode1424_DTII", "Leetcode1424_DTII\Leetcode1424_DTII.csproj", "{B0C0BBB0-1A31-4BEE-B5EB-DB97CA33F614}"
EndProject
Global
	GlobalSection(SolutionConfigurationPlatforms) = preSolution
		Debug|Any CPU = Debug|Any CPU
		Release|Any CPU = Release|Any CPU
	EndGlobalSection
	GlobalSection(ProjectConfigurationPlatforms) = postSolution
		{B0C0BBB0-1A31-4BEE-B5EB-DB97CA33F614}.Debug|Any CPU.ActiveCfg = Debug|Any CPU
		{B0C0BBB0-1A31-4BEE-B5EB-DB97CA33F614}.Debug|Any CPU.Build.0 = Debug|Any CPU
		{B0C0BBB0-1A31-4BEE-B5EB-DB97CA33F614}.Release|Any CPU.ActiveCfg = Release|Any CPU
		{B0C0BBB0-1A31-4BEE-B5EB-DB97CA33F614}.Release|Any CPU.Build.0 = Release|Any CPU
	EndGlobalSection
	GlobalSection(SolutionProperties) = preSolution
		HideSolutionNode = FALSE
	EndGlobalSection
	GlobalSection(ExtensibilityGlobals) = postSolution
		SolutionGuid = {C58FF14B-B76D-4CC9-89BF-CA0A40083862}
	EndGlobalSection
EndGlobal
