
Microsoft Visual Studio Solution File, Format Version 12.00
# Visual Studio Version 16
VisualStudioVersion = 16.0.33529.622
MinimumVisualStudioVersion = 10.0.40219.1
Project("{FAE04EC0-301F-11D3-BF4B-00C04F79EFBC}") = "Leetcode2038_RemoveColoredPieces", "Leetcode2038_RemoveColoredPieces\Leetcode2038_RemoveColoredPieces.csproj", "{C86D378B-C6A8-4D4D-ABB9-90CE3D1160B9}"
EndProject
Global
	GlobalSection(SolutionConfigurationPlatforms) = preSolution
		Debug|Any CPU = Debug|Any CPU
		Release|Any CPU = Release|Any CPU
	EndGlobalSection
	GlobalSection(ProjectConfigurationPlatforms) = postSolution
		{C86D378B-C6A8-4D4D-ABB9-90CE3D1160B9}.Debug|Any CPU.ActiveCfg = Debug|Any CPU
		{C86D378B-C6A8-4D4D-ABB9-90CE3D1160B9}.Debug|Any CPU.Build.0 = Debug|Any CPU
		{C86D378B-C6A8-4D4D-ABB9-90CE3D1160B9}.Release|Any CPU.ActiveCfg = Release|Any CPU
		{C86D378B-C6A8-4D4D-ABB9-90CE3D1160B9}.Release|Any CPU.Build.0 = Release|Any CPU
	EndGlobalSection
	GlobalSection(SolutionProperties) = preSolution
		HideSolutionNode = FALSE
	EndGlobalSection
	GlobalSection(ExtensibilityGlobals) = postSolution
		SolutionGuid = {720450EF-AB0A-4A54-9AB1-1249DE19E934}
	EndGlobalSection
EndGlobal
